
Microsoft Visual Studio Solution File, Format Version 11.00
# Visual Studio 2010
Project("{FAE04EC0-301F-11D3-BF4B-00C04F79EFBC}") = "AngryPigs", "AngryPigs\AngryPigs\AngryPigs.csproj", "{567EDF98-5FB4-43D8-8A22-86029590D624}"
EndProject
Project("{96E2B04D-8817-42C6-938A-82C39BA4D311}") = "AngryPigsContent", "AngryPigs\AngryPigsContent\AngryPigsContent.contentproj", "{7C992BE7-F2CE-4BC5-A34F-2DE4CB491213}"
EndProject
Global
	GlobalSection(SolutionConfigurationPlatforms) = preSolution
		Debug|x86 = Debug|x86
		Release|x86 = Release|x86
	EndGlobalSection
	GlobalSection(ProjectConfigurationPlatforms) = postSolution
		{567EDF98-5FB4-43D8-8A22-86029590D624}.Debug|x86.ActiveCfg = Debug|x86
		{567EDF98-5FB4-43D8-8A22-86029590D624}.Debug|x86.Build.0 = Debug|x86
		{567EDF98-5FB4-43D8-8A22-86029590D624}.Release|x86.ActiveCfg = Release|x86
		{567EDF98-5FB4-43D8-8A22-86029590D624}.Release|x86.Build.0 = Release|x86
		{7C992BE7-F2CE-4BC5-A34F-2DE4CB491213}.Debug|x86.ActiveCfg = Debug|x86
		{7C992BE7-F2CE-4BC5-A34F-2DE4CB491213}.Release|x86.ActiveCfg = Release|x86
	EndGlobalSection
	GlobalSection(SolutionProperties) = preSolution
		HideSolutionNode = FALSE
	EndGlobalSection
EndGlobal
